
Microsoft Visual Studio Solution File, Format Version 12.00
# Visual Studio Version 16
VisualStudioVersion = 16.0.30717.126
MinimumVisualStudioVersion = 10.0.40219.1
Project("{9A19103F-16F7-4668-BE54-9A1E7A4F7556}") = "DotNetCore.GenericHostBuilder", "DotNetCore.GenericHostBuilder.csproj", "{8A74DD89-E1F1-49F6-9DA0-005D34BA8F24}"
EndProject
Global
	GlobalSection(SolutionConfigurationPlatforms) = preSolution
		Debug|Any CPU = Debug|Any CPU
		Release|Any CPU = Release|Any CPU
	EndGlobalSection
	GlobalSection(ProjectConfigurationPlatforms) = postSolution
		{8A74DD89-E1F1-49F6-9DA0-005D34BA8F24}.Debug|Any CPU.ActiveCfg = Debug|Any CPU
		{8A74DD89-E1F1-49F6-9DA0-005D34BA8F24}.Debug|Any CPU.Build.0 = Debug|Any CPU
		{8A74DD89-E1F1-49F6-9DA0-005D34BA8F24}.Release|Any CPU.ActiveCfg = Release|Any CPU
		{8A74DD89-E1F1-49F6-9DA0-005D34BA8F24}.Release|Any CPU.Build.0 = Release|Any CPU
	EndGlobalSection
	GlobalSection(SolutionProperties) = preSolution
		HideSolutionNode = FALSE
	EndGlobalSection
	GlobalSection(ExtensibilityGlobals) = postSolution
		SolutionGuid = {C2FBEF23-F428-40AE-84D5-92292C4BD0D1}
	EndGlobalSection
EndGlobal
